
Microsoft Visual Studio Solution File, Format Version 12.00
# Visual Studio Version 16
VisualStudioVersion = 16.0.30011.22
MinimumVisualStudioVersion = 10.0.40219.1
Project("{9A19103F-16F7-4668-BE54-9A1E7A4F7556}") = "Ado.Net", "Examples\Ado.Net.csproj", "{CA4A31F8-A04B-47CB-AB25-26137B6B9DBE}"
EndProject
Project("{9A19103F-16F7-4668-BE54-9A1E7A4F7556}") = "Entity Framework", "Entity Framework\Entity Framework.csproj", "{A1A8F1A2-EC1D-496C-B729-E7CB1E605911}"
EndProject
Project("{FAE04EC0-301F-11D3-BF4B-00C04F79EFBC}") = "CrudWithJs", "CrudWithJs\CrudWithJs.csproj", "{A3AE20BA-6311-40EC-90F9-D36C3567CCF2}"
EndProject
Global
	GlobalSection(SolutionConfigurationPlatforms) = preSolution
		Debug|Any CPU = Debug|Any CPU
		Release|Any CPU = Release|Any CPU
	EndGlobalSection
	GlobalSection(ProjectConfigurationPlatforms) = postSolution
		{CA4A31F8-A04B-47CB-AB25-26137B6B9DBE}.Debug|Any CPU.ActiveCfg = Debug|Any CPU
		{CA4A31F8-A04B-47CB-AB25-26137B6B9DBE}.Debug|Any CPU.Build.0 = Debug|Any CPU
		{CA4A31F8-A04B-47CB-AB25-26137B6B9DBE}.Release|Any CPU.ActiveCfg = Release|Any CPU
		{CA4A31F8-A04B-47CB-AB25-26137B6B9DBE}.Release|Any CPU.Build.0 = Release|Any CPU
		{A1A8F1A2-EC1D-496C-B729-E7CB1E605911}.Debug|Any CPU.ActiveCfg = Debug|Any CPU
		{A1A8F1A2-EC1D-496C-B729-E7CB1E605911}.Debug|Any CPU.Build.0 = Debug|Any CPU
		{A1A8F1A2-EC1D-496C-B729-E7CB1E605911}.Release|Any CPU.ActiveCfg = Release|Any CPU
		{A1A8F1A2-EC1D-496C-B729-E7CB1E605911}.Release|Any CPU.Build.0 = Release|Any CPU
		{A3AE20BA-6311-40EC-90F9-D36C3567CCF2}.Debug|Any CPU.ActiveCfg = Debug|Any CPU
		{A3AE20BA-6311-40EC-90F9-D36C3567CCF2}.Debug|Any CPU.Build.0 = Debug|Any CPU
		{A3AE20BA-6311-40EC-90F9-D36C3567CCF2}.Release|Any CPU.ActiveCfg = Release|Any CPU
		{A3AE20BA-6311-40EC-90F9-D36C3567CCF2}.Release|Any CPU.Build.0 = Release|Any CPU
	EndGlobalSection
	GlobalSection(SolutionProperties) = preSolution
		HideSolutionNode = FALSE
	EndGlobalSection
	GlobalSection(ExtensibilityGlobals) = postSolution
		SolutionGuid = {58501FC6-2089-4875-ACD0-81FF816CF05E}
	EndGlobalSection
EndGlobal
